
Microsoft Visual Studio Solution File, Format Version 12.00
# Visual Studio Version 16
VisualStudioVersion = 16.0.29215.179
MinimumVisualStudioVersion = 10.0.40219.1
Project("{FAE04EC0-301F-11D3-BF4B-00C04F79EFBC}") = "Skyttetavling", "Skyttetavling\Skyttetavling.csproj", "{4EBB9DB3-AA35-4EF5-9CB5-335BDFC72C8D}"
EndProject
Global
	GlobalSection(SolutionConfigurationPlatforms) = preSolution
		Debug|Any CPU = Debug|Any CPU
		Release|Any CPU = Release|Any CPU
	EndGlobalSection
	GlobalSection(ProjectConfigurationPlatforms) = postSolution
		{4EBB9DB3-AA35-4EF5-9CB5-335BDFC72C8D}.Debug|Any CPU.ActiveCfg = Debug|Any CPU
		{4EBB9DB3-AA35-4EF5-9CB5-335BDFC72C8D}.Debug|Any CPU.Build.0 = Debug|Any CPU
		{4EBB9DB3-AA35-4EF5-9CB5-335BDFC72C8D}.Release|Any CPU.ActiveCfg = Release|Any CPU
		{4EBB9DB3-AA35-4EF5-9CB5-335BDFC72C8D}.Release|Any CPU.Build.0 = Release|Any CPU
	EndGlobalSection
	GlobalSection(SolutionProperties) = preSolution
		HideSolutionNode = FALSE
	EndGlobalSection
	GlobalSection(ExtensibilityGlobals) = postSolution
		SolutionGuid = {5611315E-E721-40C1-9BAC-51788BA1F206}
	EndGlobalSection
EndGlobal
