
Microsoft Visual Studio Solution File, Format Version 12.00
# Visual Studio Version 16
VisualStudioVersion = 16.0.29613.14
MinimumVisualStudioVersion = 10.0.40219.1
Project("{FAE04EC0-301F-11D3-BF4B-00C04F79EFBC}") = "LabeledTbx", "LabeledTbx\LabeledTbx.csproj", "{93882000-8469-4F7A-8575-2B7D6617D1D3}"
EndProject
Global
	GlobalSection(SolutionConfigurationPlatforms) = preSolution
		Debug|Any CPU = Debug|Any CPU
		Release|Any CPU = Release|Any CPU
	EndGlobalSection
	GlobalSection(ProjectConfigurationPlatforms) = postSolution
		{93882000-8469-4F7A-8575-2B7D6617D1D3}.Debug|Any CPU.ActiveCfg = Debug|Any CPU
		{93882000-8469-4F7A-8575-2B7D6617D1D3}.Debug|Any CPU.Build.0 = Debug|Any CPU
		{93882000-8469-4F7A-8575-2B7D6617D1D3}.Release|Any CPU.ActiveCfg = Release|Any CPU
		{93882000-8469-4F7A-8575-2B7D6617D1D3}.Release|Any CPU.Build.0 = Release|Any CPU
	EndGlobalSection
	GlobalSection(SolutionProperties) = preSolution
		HideSolutionNode = FALSE
	EndGlobalSection
	GlobalSection(ExtensibilityGlobals) = postSolution
		SolutionGuid = {6DAFAEE9-A958-4FB0-9190-5435C4EB62D3}
	EndGlobalSection
EndGlobal
