
Microsoft Visual Studio Solution File, Format Version 12.00
# Visual Studio Version 16
VisualStudioVersion = 16.0.29215.179
MinimumVisualStudioVersion = 10.0.40219.1
Project("{FAE04EC0-301F-11D3-BF4B-00C04F79EFBC}") = "Fordonsregister", "Fordonsregister\Fordonsregister.csproj", "{330A4841-0175-417B-A028-2AE3A79427CD}"
EndProject
Global
	GlobalSection(SolutionConfigurationPlatforms) = preSolution
		Debug|Any CPU = Debug|Any CPU
		Release|Any CPU = Release|Any CPU
	EndGlobalSection
	GlobalSection(ProjectConfigurationPlatforms) = postSolution
		{330A4841-0175-417B-A028-2AE3A79427CD}.Debug|Any CPU.ActiveCfg = Debug|Any CPU
		{330A4841-0175-417B-A028-2AE3A79427CD}.Debug|Any CPU.Build.0 = Debug|Any CPU
		{330A4841-0175-417B-A028-2AE3A79427CD}.Release|Any CPU.ActiveCfg = Release|Any CPU
		{330A4841-0175-417B-A028-2AE3A79427CD}.Release|Any CPU.Build.0 = Release|Any CPU
	EndGlobalSection
	GlobalSection(SolutionProperties) = preSolution
		HideSolutionNode = FALSE
	EndGlobalSection
	GlobalSection(ExtensibilityGlobals) = postSolution
		SolutionGuid = {168C40B3-A5D9-4945-8F63-43CDC682AB69}
	EndGlobalSection
EndGlobal
