
Microsoft Visual Studio Solution File, Format Version 12.00
# Visual Studio Version 16
VisualStudioVersion = 16.0.29709.97
MinimumVisualStudioVersion = 10.0.40219.1
Project("{FAE04EC0-301F-11D3-BF4B-00C04F79EFBC}") = "TCP", "TCP\TCP.csproj", "{8C8EAC3B-7F75-418F-B002-7DF8806FF751}"
EndProject
Project("{FAE04EC0-301F-11D3-BF4B-00C04F79EFBC}") = "TCPserver", "TCPserver\TCPserver.csproj", "{F3861606-EC11-4764-B06A-9A08340501DB}"
EndProject
Global
	GlobalSection(SolutionConfigurationPlatforms) = preSolution
		Debug|Any CPU = Debug|Any CPU
		Release|Any CPU = Release|Any CPU
	EndGlobalSection
	GlobalSection(ProjectConfigurationPlatforms) = postSolution
		{8C8EAC3B-7F75-418F-B002-7DF8806FF751}.Debug|Any CPU.ActiveCfg = Debug|Any CPU
		{8C8EAC3B-7F75-418F-B002-7DF8806FF751}.Debug|Any CPU.Build.0 = Debug|Any CPU
		{8C8EAC3B-7F75-418F-B002-7DF8806FF751}.Release|Any CPU.ActiveCfg = Release|Any CPU
		{8C8EAC3B-7F75-418F-B002-7DF8806FF751}.Release|Any CPU.Build.0 = Release|Any CPU
		{F3861606-EC11-4764-B06A-9A08340501DB}.Debug|Any CPU.ActiveCfg = Debug|Any CPU
		{F3861606-EC11-4764-B06A-9A08340501DB}.Debug|Any CPU.Build.0 = Debug|Any CPU
		{F3861606-EC11-4764-B06A-9A08340501DB}.Release|Any CPU.ActiveCfg = Release|Any CPU
		{F3861606-EC11-4764-B06A-9A08340501DB}.Release|Any CPU.Build.0 = Release|Any CPU
	EndGlobalSection
	GlobalSection(SolutionProperties) = preSolution
		HideSolutionNode = FALSE
	EndGlobalSection
	GlobalSection(ExtensibilityGlobals) = postSolution
		SolutionGuid = {B7F23366-2668-4FF9-9A64-F7C8DCB3434A}
	EndGlobalSection
EndGlobal
