
Microsoft Visual Studio Solution File, Format Version 12.00
# Visual Studio Version 16
VisualStudioVersion = 16.0.29215.179
MinimumVisualStudioVersion = 10.0.40219.1
Project("{FAE04EC0-301F-11D3-BF4B-00C04F79EFBC}") = "Clipart", "Clipart\Clipart.csproj", "{95206FC7-710A-45E5-A59A-5042C8FDF767}"
EndProject
Global
	GlobalSection(SolutionConfigurationPlatforms) = preSolution
		Debug|Any CPU = Debug|Any CPU
		Release|Any CPU = Release|Any CPU
	EndGlobalSection
	GlobalSection(ProjectConfigurationPlatforms) = postSolution
		{95206FC7-710A-45E5-A59A-5042C8FDF767}.Debug|Any CPU.ActiveCfg = Debug|Any CPU
		{95206FC7-710A-45E5-A59A-5042C8FDF767}.Debug|Any CPU.Build.0 = Debug|Any CPU
		{95206FC7-710A-45E5-A59A-5042C8FDF767}.Release|Any CPU.ActiveCfg = Release|Any CPU
		{95206FC7-710A-45E5-A59A-5042C8FDF767}.Release|Any CPU.Build.0 = Release|Any CPU
	EndGlobalSection
	GlobalSection(SolutionProperties) = preSolution
		HideSolutionNode = FALSE
	EndGlobalSection
	GlobalSection(ExtensibilityGlobals) = postSolution
		SolutionGuid = {F0F6883A-DB3D-4593-A8A4-99BDFDD6F1D3}
	EndGlobalSection
EndGlobal
