
Microsoft Visual Studio Solution File, Format Version 12.00
# Visual Studio Version 16
VisualStudioVersion = 16.0.29215.179
MinimumVisualStudioVersion = 10.0.40219.1
Project("{FAE04EC0-301F-11D3-BF4B-00C04F79EFBC}") = "Dialoger", "Dialoger\Dialoger.csproj", "{C3F26BA3-F130-4E73-AE8D-08E5468F5806}"
EndProject
Global
	GlobalSection(SolutionConfigurationPlatforms) = preSolution
		Debug|Any CPU = Debug|Any CPU
		Release|Any CPU = Release|Any CPU
	EndGlobalSection
	GlobalSection(ProjectConfigurationPlatforms) = postSolution
		{C3F26BA3-F130-4E73-AE8D-08E5468F5806}.Debug|Any CPU.ActiveCfg = Debug|Any CPU
		{C3F26BA3-F130-4E73-AE8D-08E5468F5806}.Debug|Any CPU.Build.0 = Debug|Any CPU
		{C3F26BA3-F130-4E73-AE8D-08E5468F5806}.Release|Any CPU.ActiveCfg = Release|Any CPU
		{C3F26BA3-F130-4E73-AE8D-08E5468F5806}.Release|Any CPU.Build.0 = Release|Any CPU
	EndGlobalSection
	GlobalSection(SolutionProperties) = preSolution
		HideSolutionNode = FALSE
	EndGlobalSection
	GlobalSection(ExtensibilityGlobals) = postSolution
		SolutionGuid = {BD636569-37D5-4C6F-AC08-60444FA06070}
	EndGlobalSection
EndGlobal
